{
    "requires": true,
    "lockfileVersion": 1,
    "dependencies": {
        "pspdfkit": {
            "version": "2019.5.3",
            "resolved": "https://registry.npmjs.org/pspdfkit/-/pspdfkit-2019.5.3.tgz",
            "integrity": "sha512-ibiVqm6NXLT3XMFLIXLKrv4zLLGtR744Qun3dySPX/ykfgRRSDM2G8W1V0alU8TavyyKuCOdFtq75yeCDjJnxg=="
        }
    }
}
